// !$*UTF8*$!
{
	archiveVersion = 1;
	classes = {
	};
	objectVersion = 77;
	objects = {

/* Begin PBXBuildFile section */
		C40812A02E1FD35000121F0C /* LunchSyncBackgroundHandler.appex in Embed ExtensionKit Extensions */ = {isa = PBXBuildFile; fileRef = C40812982E1FD35000121F0C /* LunchSyncBackgroundHandler.appex */; settings = {ATTRIBUTES = (RemoveHeadersOnCopy, ); }; };
		C4D328642CCD1DA900B638AB /* README.md in Resources */ = {isa = PBXBuildFile; fileRef = C4D328632CCD1DA900B638AB /* README.md */; };
/* End PBXBuildFile section */

/* Begin PBXContainerItemProxy section */
		C408129E2E1FD35000121F0C /* PBXContainerItemProxy */ = {
			isa = PBXContainerItemProxy;
			containerPortal = C4D328392CCD137200B638AB /* Project object */;
			proxyType = 1;
			remoteGlobalIDString = C40812972E1FD35000121F0C;
			remoteInfo = LunchSyncBackgroundHandler;
		};
/* End PBXContainerItemProxy section */

/* Begin PBXCopyFilesBuildPhase section */
		C40812A12E1FD35000121F0C /* Embed ExtensionKit Extensions */ = {
			isa = PBXCopyFilesBuildPhase;
			buildActionMask = 2147483647;
			dstPath = "$(EXTENSIONS_FOLDER_PATH)";
			dstSubfolderSpec = 16;
			files = (
				C40812A02E1FD35000121F0C /* LunchSyncBackgroundHandler.appex in Embed ExtensionKit Extensions */,
			);
			name = "Embed ExtensionKit Extensions";
			runOnlyForDeploymentPostprocessing = 0;
		};
/* End PBXCopyFilesBuildPhase section */

/* Begin PBXFileReference section */
		C40812982E1FD35000121F0C /* LunchSyncBackgroundHandler.appex */ = {isa = PBXFileReference; explicitFileType = "wrapper.extensionkit-extension"; includeInIndex = 0; path = LunchSyncBackgroundHandler.appex; sourceTree = BUILT_PRODUCTS_DIR; };
		C4475ACB2D19A7E900ED73DF /* Config.xcconfig */ = {isa = PBXFileReference; lastKnownFileType = text.xcconfig; path = Config.xcconfig; sourceTree = "<group>"; };
		C4D328412CCD137200B638AB /* LMPlayground.app */ = {isa = PBXFileReference; explicitFileType = wrapper.application; includeInIndex = 0; path = LMPlayground.app; sourceTree = BUILT_PRODUCTS_DIR; };
		C4D328632CCD1DA900B638AB /* README.md */ = {isa = PBXFileReference; lastKnownFileType = net.daringfireball.markdown; path = README.md; sourceTree = "<group>"; };
/* End PBXFileReference section */

/* Begin PBXFileSystemSynchronizedBuildFileExceptionSet section */
		C40812A52E1FD35000121F0C /* Exceptions for "LunchSyncBackgroundHandler" folder in "LunchSyncBackgroundHandler" target */ = {
			isa = PBXFileSystemSynchronizedBuildFileExceptionSet;
			membershipExceptions = (
				Info.plist,
			);
			target = C40812972E1FD35000121F0C /* LunchSyncBackgroundHandler */;
		};
		C4A5CCA02CE375AD00F3F372 /* Exceptions for "LMPlayground" folder in "LMPlayground" target */ = {
			isa = PBXFileSystemSynchronizedBuildFileExceptionSet;
			membershipExceptions = (
				Info.plist,
			);
			target = C4D328402CCD137200B638AB /* LMPlayground */;
		};
		C4AEADFA2E34F22E00ECB40A /* Exceptions for "LMPlayground" folder in "LunchSyncBackgroundHandler" target */ = {
			isa = PBXFileSystemSynchronizedBuildFileExceptionSet;
			membershipExceptions = (
				Api/AppleWallet.swift,
				Api/FinanceUtilities.swift,
				Api/LunchMoneyAPI.swift,
				Api/MockAppleWallet.swift,
				Api/MockWallet.swift,
				Api/SafeSyncBroker.swift,
				Api/SyncBroker.swift,
				Models/Account.swift,
				Models/Item.swift,
				Models/LMCategory.swift,
				Models/Log.swift,
				Models/MCC_Codes.json,
				Models/Transaction.swift,
				Models/TransactionHistory.swift,
				Models/Wallet.swift,
				Utility/Assets.xcassets,
				Utility/Configuration.swift,
				Utility/CurrencyFormatter.swift,
				Utility/Keychain.swift,
				Utility/LastUpdatedEnvironment.swift,
			);
			target = C40812972E1FD35000121F0C /* LunchSyncBackgroundHandler */;
		};
/* End PBXFileSystemSynchronizedBuildFileExceptionSet section */

/* Begin PBXFileSystemSynchronizedRootGroup section */
		C40812992E1FD35000121F0C /* LunchSyncBackgroundHandler */ = {
			isa = PBXFileSystemSynchronizedRootGroup;
			exceptions = (
				C40812A52E1FD35000121F0C /* Exceptions for "LunchSyncBackgroundHandler" folder in "LunchSyncBackgroundHandler" target */,
			);
			path = LunchSyncBackgroundHandler;
			sourceTree = "<group>";
		};
		C4D328432CCD137200B638AB /* LMPlayground */ = {
			isa = PBXFileSystemSynchronizedRootGroup;
			exceptions = (
				C4A5CCA02CE375AD00F3F372 /* Exceptions for "LMPlayground" folder in "LMPlayground" target */,
				C4AEADFA2E34F22E00ECB40A /* Exceptions for "LMPlayground" folder in "LunchSyncBackgroundHandler" target */,
			);
			path = LMPlayground;
			sourceTree = "<group>";
		};
/* End PBXFileSystemSynchronizedRootGroup section */

/* Begin PBXFrameworksBuildPhase section */
		C40812952E1FD35000121F0C /* Frameworks */ = {
			isa = PBXFrameworksBuildPhase;
			buildActionMask = 2147483647;
			files = (
			);
			runOnlyForDeploymentPostprocessing = 0;
		};
		C4D3283E2CCD137200B638AB /* Frameworks */ = {
			isa = PBXFrameworksBuildPhase;
			buildActionMask = 2147483647;
			files = (
			);
			runOnlyForDeploymentPostprocessing = 0;
		};
/* End PBXFrameworksBuildPhase section */

/* Begin PBXGroup section */
		C4D328382CCD137200B638AB = {
			isa = PBXGroup;
			children = (
				C4475ACB2D19A7E900ED73DF /* Config.xcconfig */,
				C4D328632CCD1DA900B638AB /* README.md */,
				C4D328432CCD137200B638AB /* LMPlayground */,
				C40812992E1FD35000121F0C /* LunchSyncBackgroundHandler */,
				C4D328422CCD137200B638AB /* Products */,
			);
			sourceTree = "<group>";
		};
		C4D328422CCD137200B638AB /* Products */ = {
			isa = PBXGroup;
			children = (
				C4D328412CCD137200B638AB /* LMPlayground.app */,
				C40812982E1FD35000121F0C /* LunchSyncBackgroundHandler.appex */,
			);
			name = Products;
			sourceTree = "<group>";
		};
/* End PBXGroup section */

/* Begin PBXNativeTarget section */
		C40812972E1FD35000121F0C /* LunchSyncBackgroundHandler */ = {
			isa = PBXNativeTarget;
			buildConfigurationList = C40812A42E1FD35000121F0C /* Build configuration list for PBXNativeTarget "LunchSyncBackgroundHandler" */;
			buildPhases = (
				C40812942E1FD35000121F0C /* Sources */,
				C40812952E1FD35000121F0C /* Frameworks */,
				C40812962E1FD35000121F0C /* Resources */,
			);
			buildRules = (
			);
			dependencies = (
			);
			fileSystemSynchronizedGroups = (
				C40812992E1FD35000121F0C /* LunchSyncBackgroundHandler */,
			);
			name = LunchSyncBackgroundHandler;
			packageProductDependencies = (
			);
			productName = LunchSyncBackgroundHandler;
			productReference = C40812982E1FD35000121F0C /* LunchSyncBackgroundHandler.appex */;
			productType = "com.apple.product-type.extensionkit-extension";
		};
		C4D328402CCD137200B638AB /* LMPlayground */ = {
			isa = PBXNativeTarget;
			buildConfigurationList = C4D328512CCD137400B638AB /* Build configuration list for PBXNativeTarget "LMPlayground" */;
			buildPhases = (
				C4D3283D2CCD137200B638AB /* Sources */,
				C4D3283E2CCD137200B638AB /* Frameworks */,
				C4D3283F2CCD137200B638AB /* Resources */,
				C40812A12E1FD35000121F0C /* Embed ExtensionKit Extensions */,
			);
			buildRules = (
			);
			dependencies = (
				C408129F2E1FD35000121F0C /* PBXTargetDependency */,
			);
			fileSystemSynchronizedGroups = (
				C4D328432CCD137200B638AB /* LMPlayground */,
			);
			name = LMPlayground;
			packageProductDependencies = (
			);
			productName = LMPlayground;
			productReference = C4D328412CCD137200B638AB /* LMPlayground.app */;
			productType = "com.apple.product-type.application";
		};
/* End PBXNativeTarget section */

/* Begin PBXProject section */
		C4D328392CCD137200B638AB /* Project object */ = {
			isa = PBXProject;
			attributes = {
				BuildIndependentTargetsInParallel = 1;
				LastSwiftUpdateCheck = 2600;
				LastUpgradeCheck = 2600;
				TargetAttributes = {
					C40812972E1FD35000121F0C = {
						CreatedOnToolsVersion = 26.0;
					};
					C4D328402CCD137200B638AB = {
						CreatedOnToolsVersion = 16.0;
					};
				};
			};
			buildConfigurationList = C4D3283C2CCD137200B638AB /* Build configuration list for PBXProject "LMPlayground" */;
			developmentRegion = en;
			hasScannedForEncodings = 0;
			knownRegions = (
				en,
				Base,
			);
			mainGroup = C4D328382CCD137200B638AB;
			minimizedProjectReferenceProxies = 1;
			preferredProjectObjectVersion = 77;
			productRefGroup = C4D328422CCD137200B638AB /* Products */;
			projectDirPath = "";
			projectRoot = "";
			targets = (
				C4D328402CCD137200B638AB /* LMPlayground */,
				C40812972E1FD35000121F0C /* LunchSyncBackgroundHandler */,
			);
		};
/* End PBXProject section */

/* Begin PBXResourcesBuildPhase section */
		C40812962E1FD35000121F0C /* Resources */ = {
			isa = PBXResourcesBuildPhase;
			buildActionMask = 2147483647;
			files = (
			);
			runOnlyForDeploymentPostprocessing = 0;
		};
		C4D3283F2CCD137200B638AB /* Resources */ = {
			isa = PBXResourcesBuildPhase;
			buildActionMask = 2147483647;
			files = (
				C4D328642CCD1DA900B638AB /* README.md in Resources */,
			);
			runOnlyForDeploymentPostprocessing = 0;
		};
/* End PBXResourcesBuildPhase section */

/* Begin PBXSourcesBuildPhase section */
		C40812942E1FD35000121F0C /* Sources */ = {
			isa = PBXSourcesBuildPhase;
			buildActionMask = 2147483647;
			files = (
			);
			runOnlyForDeploymentPostprocessing = 0;
		};
		C4D3283D2CCD137200B638AB /* Sources */ = {
			isa = PBXSourcesBuildPhase;
			buildActionMask = 2147483647;
			files = (
			);
			runOnlyForDeploymentPostprocessing = 0;
		};
/* End PBXSourcesBuildPhase section */

/* Begin PBXTargetDependency section */
		C408129F2E1FD35000121F0C /* PBXTargetDependency */ = {
			isa = PBXTargetDependency;
			target = C40812972E1FD35000121F0C /* LunchSyncBackgroundHandler */;
			targetProxy = C408129E2E1FD35000121F0C /* PBXContainerItemProxy */;
		};
/* End PBXTargetDependency section */

/* Begin XCBuildConfiguration section */
		C40812A22E1FD35000121F0C /* Debug */ = {
			isa = XCBuildConfiguration;
			buildSettings = {
				CODE_SIGN_ENTITLEMENTS = LunchSyncBackgroundHandler/LunchSyncBackgroundHandler.entitlements;
				CODE_SIGN_STYLE = Automatic;
				CURRENT_PROJECT_VERSION = 11;
				GENERATE_INFOPLIST_FILE = YES;
				INFOPLIST_FILE = LunchSyncBackgroundHandler/Info.plist;
				INFOPLIST_KEY_CFBundleDisplayName = LunchSyncBackgroundHandler;
				INFOPLIST_KEY_NSHumanReadableCopyright = "";
				IPHONEOS_DEPLOYMENT_TARGET = 26.0;
				LD_RUNPATH_SEARCH_PATHS = (
					"$(inherited)",
					"@executable_path/Frameworks",
					"@executable_path/../../Frameworks",
				);
				MARKETING_VERSION = 1.7;
				PRODUCT_BUNDLE_IDENTIFIER = com.littlebluebug.AppleCardSync.LunchSyncBackgroundHandler;
				PRODUCT_NAME = "$(TARGET_NAME)";
				SKIP_INSTALL = YES;
				STRING_CATALOG_GENERATE_SYMBOLS = YES;
				SWIFT_APPROACHABLE_CONCURRENCY = YES;
				SWIFT_EMIT_LOC_STRINGS = YES;
				SWIFT_UPCOMING_FEATURE_MEMBER_IMPORT_VISIBILITY = YES;
				SWIFT_VERSION = 5.0;
				TARGETED_DEVICE_FAMILY = "1,2";
			};
			name = Debug;
		};
		C40812A32E1FD35000121F0C /* Release */ = {
			isa = XCBuildConfiguration;
			buildSettings = {
				CODE_SIGN_ENTITLEMENTS = LunchSyncBackgroundHandler/LunchSyncBackgroundHandler.entitlements;
				CODE_SIGN_STYLE = Automatic;
				CURRENT_PROJECT_VERSION = 11;
				GENERATE_INFOPLIST_FILE = YES;
				INFOPLIST_FILE = LunchSyncBackgroundHandler/Info.plist;
				INFOPLIST_KEY_CFBundleDisplayName = LunchSyncBackgroundHandler;
				INFOPLIST_KEY_NSHumanReadableCopyright = "";
				IPHONEOS_DEPLOYMENT_TARGET = 26.0;
				LD_RUNPATH_SEARCH_PATHS = (
					"$(inherited)",
					"@executable_path/Frameworks",
					"@executable_path/../../Frameworks",
				);
				MARKETING_VERSION = 1.7;
				PRODUCT_BUNDLE_IDENTIFIER = com.littlebluebug.AppleCardSync.LunchSyncBackgroundHandler;
				PRODUCT_NAME = "$(TARGET_NAME)";
				SKIP_INSTALL = YES;
				STRING_CATALOG_GENERATE_SYMBOLS = YES;
				SWIFT_APPROACHABLE_CONCURRENCY = YES;
				SWIFT_EMIT_LOC_STRINGS = YES;
				SWIFT_UPCOMING_FEATURE_MEMBER_IMPORT_VISIBILITY = YES;
				SWIFT_VERSION = 5.0;
				TARGETED_DEVICE_FAMILY = "1,2";
			};
			name = Release;
		};
		C4D3284F2CCD137400B638AB /* Debug */ = {
			isa = XCBuildConfiguration;
			buildSettings = {
				ALWAYS_SEARCH_USER_PATHS = NO;
				ASSETCATALOG_COMPILER_GENERATE_SWIFT_ASSET_SYMBOL_EXTENSIONS = YES;
				CLANG_ANALYZER_NONNULL = YES;
				CLANG_ANALYZER_NUMBER_OBJECT_CONVERSION = YES_AGGRESSIVE;
				CLANG_CXX_LANGUAGE_STANDARD = "gnu++20";
				CLANG_ENABLE_MODULES = YES;
				CLANG_ENABLE_OBJC_ARC = YES;
				CLANG_ENABLE_OBJC_WEAK = YES;
				CLANG_WARN_BLOCK_CAPTURE_AUTORELEASING = YES;
				CLANG_WARN_BOOL_CONVERSION = YES;
				CLANG_WARN_COMMA = YES;
				CLANG_WARN_CONSTANT_CONVERSION = YES;
				CLANG_WARN_DEPRECATED_OBJC_IMPLEMENTATIONS = YES;
				CLANG_WARN_DIRECT_OBJC_ISA_USAGE = YES_ERROR;
				CLANG_WARN_DOCUMENTATION_COMMENTS = YES;
				CLANG_WARN_EMPTY_BODY = YES;
				CLANG_WARN_ENUM_CONVERSION = YES;
				CLANG_WARN_INFINITE_RECURSION = YES;
				CLANG_WARN_INT_CONVERSION = YES;
				CLANG_WARN_NON_LITERAL_NULL_CONVERSION = YES;
				CLANG_WARN_OBJC_IMPLICIT_RETAIN_SELF = YES;
				CLANG_WARN_OBJC_LITERAL_CONVERSION = YES;
				CLANG_WARN_OBJC_ROOT_CLASS = YES_ERROR;
				CLANG_WARN_QUOTED_INCLUDE_IN_FRAMEWORK_HEADER = YES;
				CLANG_WARN_RANGE_LOOP_ANALYSIS = YES;
				CLANG_WARN_STRICT_PROTOTYPES = YES;
				CLANG_WARN_SUSPICIOUS_MOVE = YES;
				CLANG_WARN_UNGUARDED_AVAILABILITY = YES_AGGRESSIVE;
				CLANG_WARN_UNREACHABLE_CODE = YES;
				CLANG_WARN__DUPLICATE_METHOD_MATCH = YES;
				COPY_PHASE_STRIP = NO;
				DEBUG_INFORMATION_FORMAT = dwarf;
				DEVELOPMENT_TEAM = MF7QJ9TF5S;
				ENABLE_STRICT_OBJC_MSGSEND = YES;
				ENABLE_TESTABILITY = YES;
				ENABLE_USER_SCRIPT_SANDBOXING = YES;
				GCC_C_LANGUAGE_STANDARD = gnu17;
				GCC_DYNAMIC_NO_PIC = NO;
				GCC_NO_COMMON_BLOCKS = YES;
				GCC_OPTIMIZATION_LEVEL = 0;
				GCC_PREPROCESSOR_DEFINITIONS = (
					"DEBUG=1",
					"$(inherited)",
				);
				GCC_WARN_64_TO_32_BIT_CONVERSION = YES;
				GCC_WARN_ABOUT_RETURN_TYPE = YES_ERROR;
				GCC_WARN_UNDECLARED_SELECTOR = YES;
				GCC_WARN_UNINITIALIZED_AUTOS = YES_AGGRESSIVE;
				GCC_WARN_UNUSED_FUNCTION = YES;
				GCC_WARN_UNUSED_VARIABLE = YES;
				IPHONEOS_DEPLOYMENT_TARGET = 18.0;
				LOCALIZATION_PREFERS_STRING_CATALOGS = YES;
				MTL_ENABLE_DEBUG_INFO = INCLUDE_SOURCE;
				MTL_FAST_MATH = YES;
				ONLY_ACTIVE_ARCH = YES;
				SDKROOT = iphoneos;
				STRING_CATALOG_GENERATE_SYMBOLS = YES;
				SWIFT_ACTIVE_COMPILATION_CONDITIONS = "DEBUG $(inherited)";
				SWIFT_OPTIMIZATION_LEVEL = "-Onone";
			};
			name = Debug;
		};
		C4D328502CCD137400B638AB /* Release */ = {
			isa = XCBuildConfiguration;
			buildSettings = {
				ALWAYS_SEARCH_USER_PATHS = NO;
				ASSETCATALOG_COMPILER_GENERATE_SWIFT_ASSET_SYMBOL_EXTENSIONS = YES;
				CLANG_ANALYZER_NONNULL = YES;
				CLANG_ANALYZER_NUMBER_OBJECT_CONVERSION = YES_AGGRESSIVE;
				CLANG_CXX_LANGUAGE_STANDARD = "gnu++20";
				CLANG_ENABLE_MODULES = YES;
				CLANG_ENABLE_OBJC_ARC = YES;
				CLANG_ENABLE_OBJC_WEAK = YES;
				CLANG_WARN_BLOCK_CAPTURE_AUTORELEASING = YES;
				CLANG_WARN_BOOL_CONVERSION = YES;
				CLANG_WARN_COMMA = YES;
				CLANG_WARN_CONSTANT_CONVERSION = YES;
				CLANG_WARN_DEPRECATED_OBJC_IMPLEMENTATIONS = YES;
				CLANG_WARN_DIRECT_OBJC_ISA_USAGE = YES_ERROR;
				CLANG_WARN_DOCUMENTATION_COMMENTS = YES;
				CLANG_WARN_EMPTY_BODY = YES;
				CLANG_WARN_ENUM_CONVERSION = YES;
				CLANG_WARN_INFINITE_RECURSION = YES;
				CLANG_WARN_INT_CONVERSION = YES;
				CLANG_WARN_NON_LITERAL_NULL_CONVERSION = YES;
				CLANG_WARN_OBJC_IMPLICIT_RETAIN_SELF = YES;
				CLANG_WARN_OBJC_LITERAL_CONVERSION = YES;
				CLANG_WARN_OBJC_ROOT_CLASS = YES_ERROR;
				CLANG_WARN_QUOTED_INCLUDE_IN_FRAMEWORK_HEADER = YES;
				CLANG_WARN_RANGE_LOOP_ANALYSIS = YES;
				CLANG_WARN_STRICT_PROTOTYPES = YES;
				CLANG_WARN_SUSPICIOUS_MOVE = YES;
				CLANG_WARN_UNGUARDED_AVAILABILITY = YES_AGGRESSIVE;
				CLANG_WARN_UNREACHABLE_CODE = YES;
				CLANG_WARN__DUPLICATE_METHOD_MATCH = YES;
				COPY_PHASE_STRIP = NO;
				DEBUG_INFORMATION_FORMAT = "dwarf-with-dsym";
				DEVELOPMENT_TEAM = MF7QJ9TF5S;
				ENABLE_NS_ASSERTIONS = NO;
				ENABLE_STRICT_OBJC_MSGSEND = YES;
				ENABLE_USER_SCRIPT_SANDBOXING = YES;
				GCC_C_LANGUAGE_STANDARD = gnu17;
				GCC_NO_COMMON_BLOCKS = YES;
				GCC_WARN_64_TO_32_BIT_CONVERSION = YES;
				GCC_WARN_ABOUT_RETURN_TYPE = YES_ERROR;
				GCC_WARN_UNDECLARED_SELECTOR = YES;
				GCC_WARN_UNINITIALIZED_AUTOS = YES_AGGRESSIVE;
				GCC_WARN_UNUSED_FUNCTION = YES;
				GCC_WARN_UNUSED_VARIABLE = YES;
				IPHONEOS_DEPLOYMENT_TARGET = 18.0;
				LOCALIZATION_PREFERS_STRING_CATALOGS = YES;
				MTL_ENABLE_DEBUG_INFO = NO;
				MTL_FAST_MATH = YES;
				SDKROOT = iphoneos;
				STRING_CATALOG_GENERATE_SYMBOLS = YES;
				SWIFT_COMPILATION_MODE = wholemodule;
				VALIDATE_PRODUCT = YES;
			};
			name = Release;
		};
		C4D328522CCD137400B638AB /* Debug */ = {
			isa = XCBuildConfiguration;
			baseConfigurationReference = C4475ACB2D19A7E900ED73DF /* Config.xcconfig */;
			buildSettings = {
				ASSETCATALOG_COMPILER_APPICON_NAME = AppIcon;
				ASSETCATALOG_COMPILER_GLOBAL_ACCENT_COLOR_NAME = AccentColor;
				CODE_SIGN_ENTITLEMENTS = LMPlayground/LMPlayground.entitlements;
				CODE_SIGN_STYLE = Automatic;
				CURRENT_PROJECT_VERSION = 11;
				DEVELOPMENT_ASSET_PATHS = "\"LMPlayground/Preview Content\"";
				ENABLE_PREVIEWS = YES;
				GENERATE_INFOPLIST_FILE = YES;
				INFOPLIST_FILE = LMPlayground/Info.plist;
				INFOPLIST_KEY_CFBundleDisplayName = "Lunch Sync";
				INFOPLIST_KEY_LSApplicationCategoryType = "public.app-category.finance";
				INFOPLIST_KEY_LSSupportsOpeningDocumentsInPlace = YES;
				INFOPLIST_KEY_NSFinancialDataUsageDescription = "Loading ApplePay transactions to Lunch Money";
				INFOPLIST_KEY_UIApplicationSceneManifest_Generation = YES;
				INFOPLIST_KEY_UIApplicationSupportsIndirectInputEvents = YES;
				INFOPLIST_KEY_UILaunchScreen_Generation = YES;
				INFOPLIST_KEY_UISupportedInterfaceOrientations = "UIInterfaceOrientationLandscapeLeft UIInterfaceOrientationLandscapeRight UIInterfaceOrientationPortrait UIInterfaceOrientationPortraitUpsideDown";
				INFOPLIST_KEY_UISupportsDocumentBrowser = YES;
				IPHONEOS_DEPLOYMENT_TARGET = 17.6;
				LD_RUNPATH_SEARCH_PATHS = (
					"$(inherited)",
					"@executable_path/Frameworks",
				);
				MARKETING_VERSION = 1.7;
				PRODUCT_BUNDLE_IDENTIFIER = com.littlebluebug.AppleCardSync;
				PRODUCT_NAME = "$(TARGET_NAME)";
				PUSH_SERVICE_KEY = "$(PUSH_SERVICE_KEY)";
				SUPPORTED_PLATFORMS = "iphoneos iphonesimulator";
				SUPPORTS_MACCATALYST = NO;
				SUPPORTS_MAC_DESIGNED_FOR_IPHONE_IPAD = NO;
				SUPPORTS_XR_DESIGNED_FOR_IPHONE_IPAD = NO;
				SWIFT_EMIT_LOC_STRINGS = YES;
				SWIFT_VERSION = 5.0;
				TARGETED_DEVICE_FAMILY = 1;
			};
			name = Debug;
		};
		C4D328532CCD137400B638AB /* Release */ = {
			isa = XCBuildConfiguration;
			baseConfigurationReference = C4475ACB2D19A7E900ED73DF /* Config.xcconfig */;
			buildSettings = {
				ASSETCATALOG_COMPILER_APPICON_NAME = AppIcon;
				ASSETCATALOG_COMPILER_GLOBAL_ACCENT_COLOR_NAME = AccentColor;
				CODE_SIGN_ENTITLEMENTS = LMPlayground/LMPlayground.entitlements;
				CODE_SIGN_STYLE = Automatic;
				CURRENT_PROJECT_VERSION = 11;
				DEVELOPMENT_ASSET_PATHS = "\"LMPlayground/Preview Content\"";
				ENABLE_PREVIEWS = YES;
				GENERATE_INFOPLIST_FILE = YES;
				INFOPLIST_FILE = LMPlayground/Info.plist;
				INFOPLIST_KEY_CFBundleDisplayName = "Lunch Sync";
				INFOPLIST_KEY_LSApplicationCategoryType = "public.app-category.finance";
				INFOPLIST_KEY_LSSupportsOpeningDocumentsInPlace = YES;
				INFOPLIST_KEY_NSFinancialDataUsageDescription = "Loading ApplePay transactions to Lunch Money";
				INFOPLIST_KEY_UIApplicationSceneManifest_Generation = YES;
				INFOPLIST_KEY_UIApplicationSupportsIndirectInputEvents = YES;
				INFOPLIST_KEY_UILaunchScreen_Generation = YES;
				INFOPLIST_KEY_UISupportedInterfaceOrientations = "UIInterfaceOrientationLandscapeLeft UIInterfaceOrientationLandscapeRight UIInterfaceOrientationPortrait UIInterfaceOrientationPortraitUpsideDown";
				INFOPLIST_KEY_UISupportsDocumentBrowser = YES;
				IPHONEOS_DEPLOYMENT_TARGET = 17.6;
				LD_RUNPATH_SEARCH_PATHS = (
					"$(inherited)",
					"@executable_path/Frameworks",
				);
				MARKETING_VERSION = 1.7;
				PRODUCT_BUNDLE_IDENTIFIER = com.littlebluebug.AppleCardSync;
				PRODUCT_NAME = "$(TARGET_NAME)";
				PUSH_SERVICE_KEY = "$(PUSH_SERVICE_KEY)";
				SUPPORTED_PLATFORMS = "iphoneos iphonesimulator";
				SUPPORTS_MACCATALYST = NO;
				SUPPORTS_MAC_DESIGNED_FOR_IPHONE_IPAD = NO;
				SUPPORTS_XR_DESIGNED_FOR_IPHONE_IPAD = NO;
				SWIFT_EMIT_LOC_STRINGS = YES;
				SWIFT_VERSION = 5.0;
				TARGETED_DEVICE_FAMILY = 1;
			};
			name = Release;
		};
/* End XCBuildConfiguration section */

/* Begin XCConfigurationList section */
		C40812A42E1FD35000121F0C /* Build configuration list for PBXNativeTarget "LunchSyncBackgroundHandler" */ = {
			isa = XCConfigurationList;
			buildConfigurations = (
				C40812A22E1FD35000121F0C /* Debug */,
				C40812A32E1FD35000121F0C /* Release */,
			);
			defaultConfigurationIsVisible = 0;
			defaultConfigurationName = Release;
		};
		C4D3283C2CCD137200B638AB /* Build configuration list for PBXProject "LMPlayground" */ = {
			isa = XCConfigurationList;
			buildConfigurations = (
				C4D3284F2CCD137400B638AB /* Debug */,
				C4D328502CCD137400B638AB /* Release */,
			);
			defaultConfigurationIsVisible = 0;
			defaultConfigurationName = Release;
		};
		C4D328512CCD137400B638AB /* Build configuration list for PBXNativeTarget "LMPlayground" */ = {
			isa = XCConfigurationList;
			buildConfigurations = (
				C4D328522CCD137400B638AB /* Debug */,
				C4D328532CCD137400B638AB /* Release */,
			);
			defaultConfigurationIsVisible = 0;
			defaultConfigurationName = Release;
		};
/* End XCConfigurationList section */
	};
	rootObject = C4D328392CCD137200B638AB /* Project object */;
}
